
Microsoft Visual Studio Solution File, Format Version 12.00
# Visual Studio Version 17
VisualStudioVersion = 17.13.35825.156 d17.13
MinimumVisualStudioVersion = 10.0.40219.1
Project("{FAE04EC0-301F-11D3-BF4B-00C04F79EFBC}") = "01_Intro", "01_Intro\01_Intro.csproj", "{C30D7D2A-9101-47DC-9D70-1CEFD6C6F2BE}"
EndProject
Project("{FAE04EC0-301F-11D3-BF4B-00C04F79EFBC}") = "1_Practical", "1_Practical\1_Practical.csproj", "{63259F56-410B-4BC4-AD08-8DE0477663E5}"
EndProject
Global
	GlobalSection(SolutionConfigurationPlatforms) = preSolution
		Debug|Any CPU = Debug|Any CPU
		Release|Any CPU = Release|Any CPU
	EndGlobalSection
	GlobalSection(ProjectConfigurationPlatforms) = postSolution
		{C30D7D2A-9101-47DC-9D70-1CEFD6C6F2BE}.Debug|Any CPU.ActiveCfg = Debug|Any CPU
		{C30D7D2A-9101-47DC-9D70-1CEFD6C6F2BE}.Debug|Any CPU.Build.0 = Debug|Any CPU
		{C30D7D2A-9101-47DC-9D70-1CEFD6C6F2BE}.Release|Any CPU.ActiveCfg = Release|Any CPU
		{C30D7D2A-9101-47DC-9D70-1CEFD6C6F2BE}.Release|Any CPU.Build.0 = Release|Any CPU
		{63259F56-410B-4BC4-AD08-8DE0477663E5}.Debug|Any CPU.ActiveCfg = Debug|Any CPU
		{63259F56-410B-4BC4-AD08-8DE0477663E5}.Debug|Any CPU.Build.0 = Debug|Any CPU
		{63259F56-410B-4BC4-AD08-8DE0477663E5}.Release|Any CPU.ActiveCfg = Release|Any CPU
		{63259F56-410B-4BC4-AD08-8DE0477663E5}.Release|Any CPU.Build.0 = Release|Any CPU
	EndGlobalSection
	GlobalSection(SolutionProperties) = preSolution
		HideSolutionNode = FALSE
	EndGlobalSection
	GlobalSection(ExtensibilityGlobals) = postSolution
		SolutionGuid = {A6B7DB20-AE6F-4A0B-ACA1-C52F9E3531AF}
	EndGlobalSection
EndGlobal
